
Microsoft Visual Studio Solution File, Format Version 12.00
# Visual Studio Version 17
VisualStudioVersion = 17.11.35312.102
MinimumVisualStudioVersion = 10.0.40219.1
Project("{8BC9CEB8-8B4A-11D0-8D11-00A0C91BC942}") = "Homework3", "Homework3\Homework3.vcxproj", "{C7799B1B-1D56-41D7-8517-7A4D8B972433}"
EndProject
Global
	GlobalSection(SolutionConfigurationPlatforms) = preSolution
		Debug|x64 = Debug|x64
		Debug|x86 = Debug|x86
		Release|x64 = Release|x64
		Release|x86 = Release|x86
	EndGlobalSection
	GlobalSection(ProjectConfigurationPlatforms) = postSolution
		{C7799B1B-1D56-41D7-8517-7A4D8B972433}.Debug|x64.ActiveCfg = Debug|x64
		{C7799B1B-1D56-41D7-8517-7A4D8B972433}.Debug|x64.Build.0 = Debug|x64
		{C7799B1B-1D56-41D7-8517-7A4D8B972433}.Debug|x86.ActiveCfg = Debug|Win32
		{C7799B1B-1D56-41D7-8517-7A4D8B972433}.Debug|x86.Build.0 = Debug|Win32
		{C7799B1B-1D56-41D7-8517-7A4D8B972433}.Release|x64.ActiveCfg = Release|x64
		{C7799B1B-1D56-41D7-8517-7A4D8B972433}.Release|x64.Build.0 = Release|x64
		{C7799B1B-1D56-41D7-8517-7A4D8B972433}.Release|x86.ActiveCfg = Release|Win32
		{C7799B1B-1D56-41D7-8517-7A4D8B972433}.Release|x86.Build.0 = Release|Win32
	EndGlobalSection
	GlobalSection(SolutionProperties) = preSolution
		HideSolutionNode = FALSE
	EndGlobalSection
	GlobalSection(ExtensibilityGlobals) = postSolution
		SolutionGuid = {19FCE1D3-B78F-42E0-86C3-98F9992641DB}
	EndGlobalSection
EndGlobal
