
Microsoft Visual Studio Solution File, Format Version 12.00
# Visual Studio Version 17
VisualStudioVersion = 17.11.35312.102
MinimumVisualStudioVersion = 10.0.40219.1
Project("{8BC9CEB8-8B4A-11D0-8D11-00A0C91BC942}") = "problem#7", "problem#7\problem#7.vcxproj", "{9C3E098E-A7C5-436F-B7EA-E5684FF44FAD}"
EndProject
Global
	GlobalSection(SolutionConfigurationPlatforms) = preSolution
		Debug|x64 = Debug|x64
		Debug|x86 = Debug|x86
		Release|x64 = Release|x64
		Release|x86 = Release|x86
	EndGlobalSection
	GlobalSection(ProjectConfigurationPlatforms) = postSolution
		{9C3E098E-A7C5-436F-B7EA-E5684FF44FAD}.Debug|x64.ActiveCfg = Debug|x64
		{9C3E098E-A7C5-436F-B7EA-E5684FF44FAD}.Debug|x64.Build.0 = Debug|x64
		{9C3E098E-A7C5-436F-B7EA-E5684FF44FAD}.Debug|x86.ActiveCfg = Debug|Win32
		{9C3E098E-A7C5-436F-B7EA-E5684FF44FAD}.Debug|x86.Build.0 = Debug|Win32
		{9C3E098E-A7C5-436F-B7EA-E5684FF44FAD}.Release|x64.ActiveCfg = Release|x64
		{9C3E098E-A7C5-436F-B7EA-E5684FF44FAD}.Release|x64.Build.0 = Release|x64
		{9C3E098E-A7C5-436F-B7EA-E5684FF44FAD}.Release|x86.ActiveCfg = Release|Win32
		{9C3E098E-A7C5-436F-B7EA-E5684FF44FAD}.Release|x86.Build.0 = Release|Win32
	EndGlobalSection
	GlobalSection(SolutionProperties) = preSolution
		HideSolutionNode = FALSE
	EndGlobalSection
	GlobalSection(ExtensibilityGlobals) = postSolution
		SolutionGuid = {75FF0F64-375C-49C4-8DBC-3452E32D3385}
	EndGlobalSection
EndGlobal
